// !$*UTF8*$!
{
	archiveVersion = 1;
	classes = {
	};
	objectVersion = 77;
	objects = {

/* Begin PBXBuildFile section */
		639945B52F261B810018953A /* FirebaseAI in Frameworks */ = {isa = PBXBuildFile; productRef = 639945B42F261B810018953A /* FirebaseAI */; };
		639945B72F261B810018953A /* FirebaseAILogic in Frameworks */ = {isa = PBXBuildFile; productRef = 639945B62F261B810018953A /* FirebaseAILogic */; };
		639945B92F261B810018953A /* FirebaseAnalytics in Frameworks */ = {isa = PBXBuildFile; productRef = 639945B82F261B810018953A /* FirebaseAnalytics */; };
		639945BB2F261B810018953A /* FirebaseAnalyticsCore in Frameworks */ = {isa = PBXBuildFile; productRef = 639945BA2F261B810018953A /* FirebaseAnalyticsCore */; };
		639945BD2F261B810018953A /* FirebaseAnalyticsIdentitySupport in Frameworks */ = {isa = PBXBuildFile; productRef = 639945BC2F261B810018953A /* FirebaseAnalyticsIdentitySupport */; };
		639945C02F261C700018953A /* FirebaseAppCheck in Frameworks */ = {isa = PBXBuildFile; productRef = 639945BF2F261C700018953A /* FirebaseAppCheck */; };
		639945C22F261C730018953A /* FirebaseAppDistribution-Beta in Frameworks */ = {isa = PBXBuildFile; productRef = 639945C12F261C730018953A /* FirebaseAppDistribution-Beta */; };
		639945C62F261C780018953A /* FirebaseAuthCombine-Community in Frameworks */ = {isa = PBXBuildFile; productRef = 639945C52F261C780018953A /* FirebaseAuthCombine-Community */; };
		639945C82F261C7A0018953A /* FirebaseCore in Frameworks */ = {isa = PBXBuildFile; productRef = 639945C72F261C7A0018953A /* FirebaseCore */; };
		639945CA2F261C7C0018953A /* FirebaseCrashlytics in Frameworks */ = {isa = PBXBuildFile; productRef = 639945C92F261C7C0018953A /* FirebaseCrashlytics */; };
		639945CC2F261C800018953A /* FirebaseDatabase in Frameworks */ = {isa = PBXBuildFile; productRef = 639945CB2F261C800018953A /* FirebaseDatabase */; };
		639945CE2F261C830018953A /* FirebaseFirestore in Frameworks */ = {isa = PBXBuildFile; productRef = 639945CD2F261C830018953A /* FirebaseFirestore */; };
		639945D02F261C860018953A /* FirebaseFirestoreCombine-Community in Frameworks */ = {isa = PBXBuildFile; productRef = 639945CF2F261C860018953A /* FirebaseFirestoreCombine-Community */; };
		639945D22F261C880018953A /* FirebaseFunctions in Frameworks */ = {isa = PBXBuildFile; productRef = 639945D12F261C880018953A /* FirebaseFunctions */; };
		639945D42F261C8B0018953A /* FirebaseFunctionsCombine-Community in Frameworks */ = {isa = PBXBuildFile; productRef = 639945D32F261C8B0018953A /* FirebaseFunctionsCombine-Community */; };
		639945D62F261C940018953A /* FirebaseInAppMessaging-Beta in Frameworks */ = {isa = PBXBuildFile; productRef = 639945D52F261C940018953A /* FirebaseInAppMessaging-Beta */; };
		639945D82F261C9E0018953A /* FirebaseInstallations in Frameworks */ = {isa = PBXBuildFile; productRef = 639945D72F261C9E0018953A /* FirebaseInstallations */; };
		639945DA2F261CA20018953A /* FirebaseMessaging in Frameworks */ = {isa = PBXBuildFile; productRef = 639945D92F261CA20018953A /* FirebaseMessaging */; };
		639945DC2F261CA80018953A /* FirebaseMLModelDownloader in Frameworks */ = {isa = PBXBuildFile; productRef = 639945DB2F261CA80018953A /* FirebaseMLModelDownloader */; };
		639945DE2F261CB00018953A /* FirebasePerformance in Frameworks */ = {isa = PBXBuildFile; productRef = 639945DD2F261CB00018953A /* FirebasePerformance */; };
		639945E02F261CB60018953A /* FirebaseRemoteConfig in Frameworks */ = {isa = PBXBuildFile; productRef = 639945DF2F261CB60018953A /* FirebaseRemoteConfig */; };
		639945E22F261CB90018953A /* FirebaseStorage in Frameworks */ = {isa = PBXBuildFile; productRef = 639945E12F261CB90018953A /* FirebaseStorage */; };
		639945E42F261CBD0018953A /* FirebaseStorageCombine-Community in Frameworks */ = {isa = PBXBuildFile; productRef = 639945E32F261CBD0018953A /* FirebaseStorageCombine-Community */; };
		639945E62F2623280018953A /* FirebaseAuth in Frameworks */ = {isa = PBXBuildFile; productRef = 639945E52F2623280018953A /* FirebaseAuth */; };
		639958652F2768A8006B4ACD /* GoogleSignIn in Frameworks */ = {isa = PBXBuildFile; productRef = 639958642F2768A8006B4ACD /* GoogleSignIn */; };
		639958672F2768A8006B4ACD /* GoogleSignInSwift in Frameworks */ = {isa = PBXBuildFile; productRef = 639958662F2768A8006B4ACD /* GoogleSignInSwift */; };
		639958702F278B63006B4ACD /* MarkdownUI in Frameworks */ = {isa = PBXBuildFile; productRef = 6399586F2F278B63006B4ACD /* MarkdownUI */; };
		639958752F27E5C5006B4ACD /* SwiftSoup in Frameworks */ = {isa = PBXBuildFile; productRef = 639958742F27E5C5006B4ACD /* SwiftSoup */; };
/* End PBXBuildFile section */

/* Begin PBXFileReference section */
		63B0686A2F253DC0009D3E94 /* Nova.ai.app */ = {isa = PBXFileReference; explicitFileType = wrapper.application; includeInIndex = 0; path = Nova.ai.app; sourceTree = BUILT_PRODUCTS_DIR; };
/* End PBXFileReference section */

/* Begin PBXFileSystemSynchronizedRootGroup section */
		63B0686C2F253DC0009D3E94 /* Nova.ai */ = {
			isa = PBXFileSystemSynchronizedRootGroup;
			path = Nova.ai;
			sourceTree = "<group>";
		};
/* End PBXFileSystemSynchronizedRootGroup section */

/* Begin PBXFrameworksBuildPhase section */
		63B068672F253DC0009D3E94 /* Frameworks */ = {
			isa = PBXFrameworksBuildPhase;
			buildActionMask = 2147483647;
			files = (
				639945C22F261C730018953A /* FirebaseAppDistribution-Beta in Frameworks */,
				639945CE2F261C830018953A /* FirebaseFirestore in Frameworks */,
				639945C62F261C780018953A /* FirebaseAuthCombine-Community in Frameworks */,
				639945D82F261C9E0018953A /* FirebaseInstallations in Frameworks */,
				639945B72F261B810018953A /* FirebaseAILogic in Frameworks */,
				639958672F2768A8006B4ACD /* GoogleSignInSwift in Frameworks */,
				639945BD2F261B810018953A /* FirebaseAnalyticsIdentitySupport in Frameworks */,
				639945D62F261C940018953A /* FirebaseInAppMessaging-Beta in Frameworks */,
				639945E62F2623280018953A /* FirebaseAuth in Frameworks */,
				639945DC2F261CA80018953A /* FirebaseMLModelDownloader in Frameworks */,
				639945B52F261B810018953A /* FirebaseAI in Frameworks */,
				639945DA2F261CA20018953A /* FirebaseMessaging in Frameworks */,
				639945E42F261CBD0018953A /* FirebaseStorageCombine-Community in Frameworks */,
				639958752F27E5C5006B4ACD /* SwiftSoup in Frameworks */,
				639945CA2F261C7C0018953A /* FirebaseCrashlytics in Frameworks */,
				639945E22F261CB90018953A /* FirebaseStorage in Frameworks */,
				639945E02F261CB60018953A /* FirebaseRemoteConfig in Frameworks */,
				639958652F2768A8006B4ACD /* GoogleSignIn in Frameworks */,
				639945D42F261C8B0018953A /* FirebaseFunctionsCombine-Community in Frameworks */,
				639945CC2F261C800018953A /* FirebaseDatabase in Frameworks */,
				639945B92F261B810018953A /* FirebaseAnalytics in Frameworks */,
				639945DE2F261CB00018953A /* FirebasePerformance in Frameworks */,
				639958702F278B63006B4ACD /* MarkdownUI in Frameworks */,
				639945C82F261C7A0018953A /* FirebaseCore in Frameworks */,
				639945C02F261C700018953A /* FirebaseAppCheck in Frameworks */,
				639945BB2F261B810018953A /* FirebaseAnalyticsCore in Frameworks */,
				639945D22F261C880018953A /* FirebaseFunctions in Frameworks */,
				639945D02F261C860018953A /* FirebaseFirestoreCombine-Community in Frameworks */,
			);
			runOnlyForDeploymentPostprocessing = 0;
		};
/* End PBXFrameworksBuildPhase section */

/* Begin PBXGroup section */
		639945BE2F261C670018953A /* Frameworks */ = {
			isa = PBXGroup;
			children = (
			);
			name = Frameworks;
			sourceTree = "<group>";
		};
		63B068612F253DC0009D3E94 = {
			isa = PBXGroup;
			children = (
				63B0686C2F253DC0009D3E94 /* Nova.ai */,
				639945BE2F261C670018953A /* Frameworks */,
				63B0686B2F253DC0009D3E94 /* Products */,
			);
			sourceTree = "<group>";
		};
		63B0686B2F253DC0009D3E94 /* Products */ = {
			isa = PBXGroup;
			children = (
				63B0686A2F253DC0009D3E94 /* Nova.ai.app */,
			);
			name = Products;
			sourceTree = "<group>";
		};
/* End PBXGroup section */

/* Begin PBXNativeTarget section */
		63B068692F253DC0009D3E94 /* Nova.ai */ = {
			isa = PBXNativeTarget;
			buildConfigurationList = 63B068752F253DC1009D3E94 /* Build configuration list for PBXNativeTarget "Nova.ai" */;
			buildPhases = (
				63B068662F253DC0009D3E94 /* Sources */,
				63B068672F253DC0009D3E94 /* Frameworks */,
				63B068682F253DC0009D3E94 /* Resources */,
			);
			buildRules = (
			);
			dependencies = (
			);
			fileSystemSynchronizedGroups = (
				63B0686C2F253DC0009D3E94 /* Nova.ai */,
			);
			name = Nova.ai;
			packageProductDependencies = (
				639945B42F261B810018953A /* FirebaseAI */,
				639945B62F261B810018953A /* FirebaseAILogic */,
				639945B82F261B810018953A /* FirebaseAnalytics */,
				639945BA2F261B810018953A /* FirebaseAnalyticsCore */,
				639945BC2F261B810018953A /* FirebaseAnalyticsIdentitySupport */,
				639945BF2F261C700018953A /* FirebaseAppCheck */,
				639945C12F261C730018953A /* FirebaseAppDistribution-Beta */,
				639945C52F261C780018953A /* FirebaseAuthCombine-Community */,
				639945C72F261C7A0018953A /* FirebaseCore */,
				639945C92F261C7C0018953A /* FirebaseCrashlytics */,
				639945CB2F261C800018953A /* FirebaseDatabase */,
				639945CD2F261C830018953A /* FirebaseFirestore */,
				639945CF2F261C860018953A /* FirebaseFirestoreCombine-Community */,
				639945D12F261C880018953A /* FirebaseFunctions */,
				639945D32F261C8B0018953A /* FirebaseFunctionsCombine-Community */,
				639945D52F261C940018953A /* FirebaseInAppMessaging-Beta */,
				639945D72F261C9E0018953A /* FirebaseInstallations */,
				639945D92F261CA20018953A /* FirebaseMessaging */,
				639945DB2F261CA80018953A /* FirebaseMLModelDownloader */,
				639945DD2F261CB00018953A /* FirebasePerformance */,
				639945DF2F261CB60018953A /* FirebaseRemoteConfig */,
				639945E12F261CB90018953A /* FirebaseStorage */,
				639945E32F261CBD0018953A /* FirebaseStorageCombine-Community */,
				639945E52F2623280018953A /* FirebaseAuth */,
				639958642F2768A8006B4ACD /* GoogleSignIn */,
				639958662F2768A8006B4ACD /* GoogleSignInSwift */,
				6399586F2F278B63006B4ACD /* MarkdownUI */,
				639958742F27E5C5006B4ACD /* SwiftSoup */,
			);
			productName = Nova.ai;
			productReference = 63B0686A2F253DC0009D3E94 /* Nova.ai.app */;
			productType = "com.apple.product-type.application";
		};
/* End PBXNativeTarget section */

/* Begin PBXProject section */
		63B068622F253DC0009D3E94 /* Project object */ = {
			isa = PBXProject;
			attributes = {
				BuildIndependentTargetsInParallel = 1;
				LastSwiftUpdateCheck = 2620;
				LastUpgradeCheck = 2620;
				TargetAttributes = {
					63B068692F253DC0009D3E94 = {
						CreatedOnToolsVersion = 26.2;
					};
				};
			};
			buildConfigurationList = 63B068652F253DC0009D3E94 /* Build configuration list for PBXProject "Nova.ai" */;
			developmentRegion = en;
			hasScannedForEncodings = 0;
			knownRegions = (
				en,
				Base,
			);
			mainGroup = 63B068612F253DC0009D3E94;
			minimizedProjectReferenceProxies = 1;
			packageReferences = (
				639945B32F261B810018953A /* XCRemoteSwiftPackageReference "firebase-ios-sdk" */,
				639958632F2768A8006B4ACD /* XCRemoteSwiftPackageReference "GoogleSignIn-iOS" */,
				6399586E2F278B63006B4ACD /* XCRemoteSwiftPackageReference "MarkdownUI" */,
				639958732F27E5C5006B4ACD /* XCRemoteSwiftPackageReference "SwiftSoup" */,
			);
			preferredProjectObjectVersion = 77;
			productRefGroup = 63B0686B2F253DC0009D3E94 /* Products */;
			projectDirPath = "";
			projectRoot = "";
			targets = (
				63B068692F253DC0009D3E94 /* Nova.ai */,
			);
		};
/* End PBXProject section */

/* Begin PBXResourcesBuildPhase section */
		63B068682F253DC0009D3E94 /* Resources */ = {
			isa = PBXResourcesBuildPhase;
			buildActionMask = 2147483647;
			files = (
			);
			runOnlyForDeploymentPostprocessing = 0;
		};
/* End PBXResourcesBuildPhase section */

/* Begin PBXSourcesBuildPhase section */
		63B068662F253DC0009D3E94 /* Sources */ = {
			isa = PBXSourcesBuildPhase;
			buildActionMask = 2147483647;
			files = (
			);
			runOnlyForDeploymentPostprocessing = 0;
		};
/* End PBXSourcesBuildPhase section */

/* Begin XCBuildConfiguration section */
		63B068732F253DC1009D3E94 /* Debug */ = {
			isa = XCBuildConfiguration;
			buildSettings = {
				ALWAYS_SEARCH_USER_PATHS = NO;
				ASSETCATALOG_COMPILER_GENERATE_SWIFT_ASSET_SYMBOL_EXTENSIONS = YES;
				CLANG_ANALYZER_NONNULL = YES;
				CLANG_ANALYZER_NUMBER_OBJECT_CONVERSION = YES_AGGRESSIVE;
				CLANG_CXX_LANGUAGE_STANDARD = "gnu++20";
				CLANG_ENABLE_MODULES = YES;
				CLANG_ENABLE_OBJC_ARC = YES;
				CLANG_ENABLE_OBJC_WEAK = YES;
				CLANG_WARN_BLOCK_CAPTURE_AUTORELEASING = YES;
				CLANG_WARN_BOOL_CONVERSION = YES;
				CLANG_WARN_COMMA = YES;
				CLANG_WARN_CONSTANT_CONVERSION = YES;
				CLANG_WARN_DEPRECATED_OBJC_IMPLEMENTATIONS = YES;
				CLANG_WARN_DIRECT_OBJC_ISA_USAGE = YES_ERROR;
				CLANG_WARN_DOCUMENTATION_COMMENTS = YES;
				CLANG_WARN_EMPTY_BODY = YES;
				CLANG_WARN_ENUM_CONVERSION = YES;
				CLANG_WARN_INFINITE_RECURSION = YES;
				CLANG_WARN_INT_CONVERSION = YES;
				CLANG_WARN_NON_LITERAL_NULL_CONVERSION = YES;
				CLANG_WARN_OBJC_IMPLICIT_RETAIN_SELF = YES;
				CLANG_WARN_OBJC_LITERAL_CONVERSION = YES;
				CLANG_WARN_OBJC_ROOT_CLASS = YES_ERROR;
				CLANG_WARN_QUOTED_INCLUDE_IN_FRAMEWORK_HEADER = YES;
				CLANG_WARN_RANGE_LOOP_ANALYSIS = YES;
				CLANG_WARN_STRICT_PROTOTYPES = YES;
				CLANG_WARN_SUSPICIOUS_MOVE = YES;
				CLANG_WARN_UNGUARDED_AVAILABILITY = YES_AGGRESSIVE;
				CLANG_WARN_UNREACHABLE_CODE = YES;
				CLANG_WARN__DUPLICATE_METHOD_MATCH = YES;
				COPY_PHASE_STRIP = NO;
				DEBUG_INFORMATION_FORMAT = dwarf;
				DEVELOPMENT_TEAM = 6X2XW5692U;
				ENABLE_STRICT_OBJC_MSGSEND = YES;
				ENABLE_TESTABILITY = YES;
				ENABLE_USER_SCRIPT_SANDBOXING = YES;
				GCC_C_LANGUAGE_STANDARD = gnu17;
				GCC_DYNAMIC_NO_PIC = NO;
				GCC_NO_COMMON_BLOCKS = YES;
				GCC_OPTIMIZATION_LEVEL = 0;
				GCC_PREPROCESSOR_DEFINITIONS = (
					"DEBUG=1",
					"$(inherited)",
				);
				GCC_WARN_64_TO_32_BIT_CONVERSION = YES;
				GCC_WARN_ABOUT_RETURN_TYPE = YES_ERROR;
				GCC_WARN_UNDECLARED_SELECTOR = YES;
				GCC_WARN_UNINITIALIZED_AUTOS = YES_AGGRESSIVE;
				GCC_WARN_UNUSED_FUNCTION = YES;
				GCC_WARN_UNUSED_VARIABLE = YES;
				IPHONEOS_DEPLOYMENT_TARGET = 26.2;
				LOCALIZATION_PREFERS_STRING_CATALOGS = YES;
				MTL_ENABLE_DEBUG_INFO = INCLUDE_SOURCE;
				MTL_FAST_MATH = YES;
				ONLY_ACTIVE_ARCH = YES;
				SDKROOT = iphoneos;
				SWIFT_ACTIVE_COMPILATION_CONDITIONS = "DEBUG $(inherited)";
				SWIFT_OPTIMIZATION_LEVEL = "-Onone";
			};
			name = Debug;
		};
		63B068742F253DC1009D3E94 /* Release */ = {
			isa = XCBuildConfiguration;
			buildSettings = {
				ALWAYS_SEARCH_USER_PATHS = NO;
				ASSETCATALOG_COMPILER_GENERATE_SWIFT_ASSET_SYMBOL_EXTENSIONS = YES;
				CLANG_ANALYZER_NONNULL = YES;
				CLANG_ANALYZER_NUMBER_OBJECT_CONVERSION = YES_AGGRESSIVE;
				CLANG_CXX_LANGUAGE_STANDARD = "gnu++20";
				CLANG_ENABLE_MODULES = YES;
				CLANG_ENABLE_OBJC_ARC = YES;
				CLANG_ENABLE_OBJC_WEAK = YES;
				CLANG_WARN_BLOCK_CAPTURE_AUTORELEASING = YES;
				CLANG_WARN_BOOL_CONVERSION = YES;
				CLANG_WARN_COMMA = YES;
				CLANG_WARN_CONSTANT_CONVERSION = YES;
				CLANG_WARN_DEPRECATED_OBJC_IMPLEMENTATIONS = YES;
				CLANG_WARN_DIRECT_OBJC_ISA_USAGE = YES_ERROR;
				CLANG_WARN_DOCUMENTATION_COMMENTS = YES;
				CLANG_WARN_EMPTY_BODY = YES;
				CLANG_WARN_ENUM_CONVERSION = YES;
				CLANG_WARN_INFINITE_RECURSION = YES;
				CLANG_WARN_INT_CONVERSION = YES;
				CLANG_WARN_NON_LITERAL_NULL_CONVERSION = YES;
				CLANG_WARN_OBJC_IMPLICIT_RETAIN_SELF = YES;
				CLANG_WARN_OBJC_LITERAL_CONVERSION = YES;
				CLANG_WARN_OBJC_ROOT_CLASS = YES_ERROR;
				CLANG_WARN_QUOTED_INCLUDE_IN_FRAMEWORK_HEADER = YES;
				CLANG_WARN_RANGE_LOOP_ANALYSIS = YES;
				CLANG_WARN_STRICT_PROTOTYPES = YES;
				CLANG_WARN_SUSPICIOUS_MOVE = YES;
				CLANG_WARN_UNGUARDED_AVAILABILITY = YES_AGGRESSIVE;
				CLANG_WARN_UNREACHABLE_CODE = YES;
				CLANG_WARN__DUPLICATE_METHOD_MATCH = YES;
				COPY_PHASE_STRIP = NO;
				DEBUG_INFORMATION_FORMAT = "dwarf-with-dsym";
				DEVELOPMENT_TEAM = 6X2XW5692U;
				ENABLE_NS_ASSERTIONS = NO;
				ENABLE_STRICT_OBJC_MSGSEND = YES;
				ENABLE_USER_SCRIPT_SANDBOXING = YES;
				GCC_C_LANGUAGE_STANDARD = gnu17;
				GCC_NO_COMMON_BLOCKS = YES;
				GCC_WARN_64_TO_32_BIT_CONVERSION = YES;
				GCC_WARN_ABOUT_RETURN_TYPE = YES_ERROR;
				GCC_WARN_UNDECLARED_SELECTOR = YES;
				GCC_WARN_UNINITIALIZED_AUTOS = YES_AGGRESSIVE;
				GCC_WARN_UNUSED_FUNCTION = YES;
				GCC_WARN_UNUSED_VARIABLE = YES;
				IPHONEOS_DEPLOYMENT_TARGET = 26.2;
				LOCALIZATION_PREFERS_STRING_CATALOGS = YES;
				MTL_ENABLE_DEBUG_INFO = NO;
				MTL_FAST_MATH = YES;
				SDKROOT = iphoneos;
				SWIFT_COMPILATION_MODE = wholemodule;
				VALIDATE_PRODUCT = YES;
			};
			name = Release;
		};
		63B068762F253DC1009D3E94 /* Debug */ = {
			isa = XCBuildConfiguration;
			buildSettings = {
				ASSETCATALOG_COMPILER_APPICON_NAME = AppIcon;
				ASSETCATALOG_COMPILER_GLOBAL_ACCENT_COLOR_NAME = AccentColor;
				CODE_SIGN_STYLE = Automatic;
				CURRENT_PROJECT_VERSION = 8506;
				DEVELOPMENT_TEAM = 6X2XW5692U;
				ENABLE_PREVIEWS = YES;
				GENERATE_INFOPLIST_FILE = YES;
				INFOPLIST_FILE = "Nova-ai-Info.plist";
				INFOPLIST_KEY_NSCameraUsageDescription = "Нам нужен доступ к камере, что бы вы могли заснять фотку и отправить ее ИИ";
				INFOPLIST_KEY_NSMicrophoneUsageDescription = "Нам нужен доступ к микрофону для голосового ввода";
				INFOPLIST_KEY_NSPhotoLibraryAddUsageDescription = "Приложению нужен доступ, чтобы сохранять картинки в галерею.";
				INFOPLIST_KEY_NSSpeechRecognitionUsageDescription = "Мы используем распознавание речи для перевода голоса в текст.";
				INFOPLIST_KEY_UIApplicationSceneManifest_Generation = YES;
				INFOPLIST_KEY_UIApplicationSupportsIndirectInputEvents = YES;
				INFOPLIST_KEY_UILaunchScreen_Generation = YES;
				INFOPLIST_KEY_UISupportedInterfaceOrientations_iPad = "UIInterfaceOrientationPortrait UIInterfaceOrientationPortraitUpsideDown UIInterfaceOrientationLandscapeLeft UIInterfaceOrientationLandscapeRight";
				INFOPLIST_KEY_UISupportedInterfaceOrientations_iPhone = "UIInterfaceOrientationPortrait UIInterfaceOrientationLandscapeLeft UIInterfaceOrientationLandscapeRight";
				IPHONEOS_DEPLOYMENT_TARGET = 17.0;
				LD_RUNPATH_SEARCH_PATHS = (
					"$(inherited)",
					"@executable_path/Frameworks",
				);
				MARKETING_VERSION = 1.2026.009;
				PRODUCT_BUNDLE_IDENTIFIER = "novaos.Nova-ai";
				PRODUCT_NAME = "$(TARGET_NAME)";
				STRING_CATALOG_GENERATE_SYMBOLS = YES;
				SWIFT_APPROACHABLE_CONCURRENCY = YES;
				SWIFT_DEFAULT_ACTOR_ISOLATION = MainActor;
				SWIFT_EMIT_LOC_STRINGS = YES;
				SWIFT_UPCOMING_FEATURE_MEMBER_IMPORT_VISIBILITY = YES;
				SWIFT_VERSION = 5.0;
				TARGETED_DEVICE_FAMILY = "1,2";
			};
			name = Debug;
		};
		63B068772F253DC1009D3E94 /* Release */ = {
			isa = XCBuildConfiguration;
			buildSettings = {
				ASSETCATALOG_COMPILER_APPICON_NAME = AppIcon;
				ASSETCATALOG_COMPILER_GLOBAL_ACCENT_COLOR_NAME = AccentColor;
				CODE_SIGN_STYLE = Automatic;
				CURRENT_PROJECT_VERSION = 8506;
				DEVELOPMENT_TEAM = 6X2XW5692U;
				ENABLE_PREVIEWS = YES;
				GENERATE_INFOPLIST_FILE = YES;
				INFOPLIST_FILE = "Nova-ai-Info.plist";
				INFOPLIST_KEY_NSCameraUsageDescription = "Нам нужен доступ к камере, что бы вы могли заснять фотку и отправить ее ИИ";
				INFOPLIST_KEY_NSMicrophoneUsageDescription = "Нам нужен доступ к микрофону для голосового ввода";
				INFOPLIST_KEY_NSPhotoLibraryAddUsageDescription = "Приложению нужен доступ, чтобы сохранять картинки в галерею.";
				INFOPLIST_KEY_NSSpeechRecognitionUsageDescription = "Мы используем распознавание речи для перевода голоса в текст.";
				INFOPLIST_KEY_UIApplicationSceneManifest_Generation = YES;
				INFOPLIST_KEY_UIApplicationSupportsIndirectInputEvents = YES;
				INFOPLIST_KEY_UILaunchScreen_Generation = YES;
				INFOPLIST_KEY_UISupportedInterfaceOrientations_iPad = "UIInterfaceOrientationPortrait UIInterfaceOrientationPortraitUpsideDown UIInterfaceOrientationLandscapeLeft UIInterfaceOrientationLandscapeRight";
				INFOPLIST_KEY_UISupportedInterfaceOrientations_iPhone = "UIInterfaceOrientationPortrait UIInterfaceOrientationLandscapeLeft UIInterfaceOrientationLandscapeRight";
				IPHONEOS_DEPLOYMENT_TARGET = 17.0;
				LD_RUNPATH_SEARCH_PATHS = (
					"$(inherited)",
					"@executable_path/Frameworks",
				);
				MARKETING_VERSION = 1.2026.009;
				PRODUCT_BUNDLE_IDENTIFIER = "novaos.Nova-ai";
				PRODUCT_NAME = "$(TARGET_NAME)";
				STRING_CATALOG_GENERATE_SYMBOLS = YES;
				SWIFT_APPROACHABLE_CONCURRENCY = YES;
				SWIFT_DEFAULT_ACTOR_ISOLATION = MainActor;
				SWIFT_EMIT_LOC_STRINGS = YES;
				SWIFT_UPCOMING_FEATURE_MEMBER_IMPORT_VISIBILITY = YES;
				SWIFT_VERSION = 5.0;
				TARGETED_DEVICE_FAMILY = "1,2";
			};
			name = Release;
		};
/* End XCBuildConfiguration section */

/* Begin XCConfigurationList section */
		63B068652F253DC0009D3E94 /* Build configuration list for PBXProject "Nova.ai" */ = {
			isa = XCConfigurationList;
			buildConfigurations = (
				63B068732F253DC1009D3E94 /* Debug */,
				63B068742F253DC1009D3E94 /* Release */,
			);
			defaultConfigurationIsVisible = 0;
			defaultConfigurationName = Release;
		};
		63B068752F253DC1009D3E94 /* Build configuration list for PBXNativeTarget "Nova.ai" */ = {
			isa = XCConfigurationList;
			buildConfigurations = (
				63B068762F253DC1009D3E94 /* Debug */,
				63B068772F253DC1009D3E94 /* Release */,
			);
			defaultConfigurationIsVisible = 0;
			defaultConfigurationName = Release;
		};
/* End XCConfigurationList section */

/* Begin XCRemoteSwiftPackageReference section */
		639945B32F261B810018953A /* XCRemoteSwiftPackageReference "firebase-ios-sdk" */ = {
			isa = XCRemoteSwiftPackageReference;
			repositoryURL = "https://github.com/firebase/firebase-ios-sdk";
			requirement = {
				kind = upToNextMajorVersion;
				minimumVersion = 12.8.0;
			};
		};
		639958632F2768A8006B4ACD /* XCRemoteSwiftPackageReference "GoogleSignIn-iOS" */ = {
			isa = XCRemoteSwiftPackageReference;
			repositoryURL = "https://github.com/google/GoogleSignIn-iOS";
			requirement = {
				kind = upToNextMajorVersion;
				minimumVersion = 9.1.0;
			};
		};
		6399586E2F278B63006B4ACD /* XCRemoteSwiftPackageReference "MarkdownUI" */ = {
			isa = XCRemoteSwiftPackageReference;
			repositoryURL = "https://github.com/gonzalezreal/MarkdownUI";
			requirement = {
				kind = upToNextMajorVersion;
				minimumVersion = 2.4.1;
			};
		};
		639958732F27E5C5006B4ACD /* XCRemoteSwiftPackageReference "SwiftSoup" */ = {
			isa = XCRemoteSwiftPackageReference;
			repositoryURL = "https://github.com/scinfu/SwiftSoup.git";
			requirement = {
				kind = upToNextMajorVersion;
				minimumVersion = 2.11.3;
			};
		};
/* End XCRemoteSwiftPackageReference section */

/* Begin XCSwiftPackageProductDependency section */
		639945B42F261B810018953A /* FirebaseAI */ = {
			isa = XCSwiftPackageProductDependency;
			package = 639945B32F261B810018953A /* XCRemoteSwiftPackageReference "firebase-ios-sdk" */;
			productName = FirebaseAI;
		};
		639945B62F261B810018953A /* FirebaseAILogic */ = {
			isa = XCSwiftPackageProductDependency;
			package = 639945B32F261B810018953A /* XCRemoteSwiftPackageReference "firebase-ios-sdk" */;
			productName = FirebaseAILogic;
		};
		639945B82F261B810018953A /* FirebaseAnalytics */ = {
			isa = XCSwiftPackageProductDependency;
			package = 639945B32F261B810018953A /* XCRemoteSwiftPackageReference "firebase-ios-sdk" */;
			productName = FirebaseAnalytics;
		};
		639945BA2F261B810018953A /* FirebaseAnalyticsCore */ = {
			isa = XCSwiftPackageProductDependency;
			package = 639945B32F261B810018953A /* XCRemoteSwiftPackageReference "firebase-ios-sdk" */;
			productName = FirebaseAnalyticsCore;
		};
		639945BC2F261B810018953A /* FirebaseAnalyticsIdentitySupport */ = {
			isa = XCSwiftPackageProductDependency;
			package = 639945B32F261B810018953A /* XCRemoteSwiftPackageReference "firebase-ios-sdk" */;
			productName = FirebaseAnalyticsIdentitySupport;
		};
		639945BF2F261C700018953A /* FirebaseAppCheck */ = {
			isa = XCSwiftPackageProductDependency;
			package = 639945B32F261B810018953A /* XCRemoteSwiftPackageReference "firebase-ios-sdk" */;
			productName = FirebaseAppCheck;
		};
		639945C12F261C730018953A /* FirebaseAppDistribution-Beta */ = {
			isa = XCSwiftPackageProductDependency;
			package = 639945B32F261B810018953A /* XCRemoteSwiftPackageReference "firebase-ios-sdk" */;
			productName = "FirebaseAppDistribution-Beta";
		};
		639945C52F261C780018953A /* FirebaseAuthCombine-Community */ = {
			isa = XCSwiftPackageProductDependency;
			package = 639945B32F261B810018953A /* XCRemoteSwiftPackageReference "firebase-ios-sdk" */;
			productName = "FirebaseAuthCombine-Community";
		};
		639945C72F261C7A0018953A /* FirebaseCore */ = {
			isa = XCSwiftPackageProductDependency;
			package = 639945B32F261B810018953A /* XCRemoteSwiftPackageReference "firebase-ios-sdk" */;
			productName = FirebaseCore;
		};
		639945C92F261C7C0018953A /* FirebaseCrashlytics */ = {
			isa = XCSwiftPackageProductDependency;
			package = 639945B32F261B810018953A /* XCRemoteSwiftPackageReference "firebase-ios-sdk" */;
			productName = FirebaseCrashlytics;
		};
		639945CB2F261C800018953A /* FirebaseDatabase */ = {
			isa = XCSwiftPackageProductDependency;
			package = 639945B32F261B810018953A /* XCRemoteSwiftPackageReference "firebase-ios-sdk" */;
			productName = FirebaseDatabase;
		};
		639945CD2F261C830018953A /* FirebaseFirestore */ = {
			isa = XCSwiftPackageProductDependency;
			package = 639945B32F261B810018953A /* XCRemoteSwiftPackageReference "firebase-ios-sdk" */;
			productName = FirebaseFirestore;
		};
		639945CF2F261C860018953A /* FirebaseFirestoreCombine-Community */ = {
			isa = XCSwiftPackageProductDependency;
			package = 639945B32F261B810018953A /* XCRemoteSwiftPackageReference "firebase-ios-sdk" */;
			productName = "FirebaseFirestoreCombine-Community";
		};
		639945D12F261C880018953A /* FirebaseFunctions */ = {
			isa = XCSwiftPackageProductDependency;
			package = 639945B32F261B810018953A /* XCRemoteSwiftPackageReference "firebase-ios-sdk" */;
			productName = FirebaseFunctions;
		};
		639945D32F261C8B0018953A /* FirebaseFunctionsCombine-Community */ = {
			isa = XCSwiftPackageProductDependency;
			package = 639945B32F261B810018953A /* XCRemoteSwiftPackageReference "firebase-ios-sdk" */;
			productName = "FirebaseFunctionsCombine-Community";
		};
		639945D52F261C940018953A /* FirebaseInAppMessaging-Beta */ = {
			isa = XCSwiftPackageProductDependency;
			package = 639945B32F261B810018953A /* XCRemoteSwiftPackageReference "firebase-ios-sdk" */;
			productName = "FirebaseInAppMessaging-Beta";
		};
		639945D72F261C9E0018953A /* FirebaseInstallations */ = {
			isa = XCSwiftPackageProductDependency;
			package = 639945B32F261B810018953A /* XCRemoteSwiftPackageReference "firebase-ios-sdk" */;
			productName = FirebaseInstallations;
		};
		639945D92F261CA20018953A /* FirebaseMessaging */ = {
			isa = XCSwiftPackageProductDependency;
			package = 639945B32F261B810018953A /* XCRemoteSwiftPackageReference "firebase-ios-sdk" */;
			productName = FirebaseMessaging;
		};
		639945DB2F261CA80018953A /* FirebaseMLModelDownloader */ = {
			isa = XCSwiftPackageProductDependency;
			package = 639945B32F261B810018953A /* XCRemoteSwiftPackageReference "firebase-ios-sdk" */;
			productName = FirebaseMLModelDownloader;
		};
		639945DD2F261CB00018953A /* FirebasePerformance */ = {
			isa = XCSwiftPackageProductDependency;
			package = 639945B32F261B810018953A /* XCRemoteSwiftPackageReference "firebase-ios-sdk" */;
			productName = FirebasePerformance;
		};
		639945DF2F261CB60018953A /* FirebaseRemoteConfig */ = {
			isa = XCSwiftPackageProductDependency;
			package = 639945B32F261B810018953A /* XCRemoteSwiftPackageReference "firebase-ios-sdk" */;
			productName = FirebaseRemoteConfig;
		};
		639945E12F261CB90018953A /* FirebaseStorage */ = {
			isa = XCSwiftPackageProductDependency;
			package = 639945B32F261B810018953A /* XCRemoteSwiftPackageReference "firebase-ios-sdk" */;
			productName = FirebaseStorage;
		};
		639945E32F261CBD0018953A /* FirebaseStorageCombine-Community */ = {
			isa = XCSwiftPackageProductDependency;
			package = 639945B32F261B810018953A /* XCRemoteSwiftPackageReference "firebase-ios-sdk" */;
			productName = "FirebaseStorageCombine-Community";
		};
		639945E52F2623280018953A /* FirebaseAuth */ = {
			isa = XCSwiftPackageProductDependency;
			package = 639945B32F261B810018953A /* XCRemoteSwiftPackageReference "firebase-ios-sdk" */;
			productName = FirebaseAuth;
		};
		639958642F2768A8006B4ACD /* GoogleSignIn */ = {
			isa = XCSwiftPackageProductDependency;
			package = 639958632F2768A8006B4ACD /* XCRemoteSwiftPackageReference "GoogleSignIn-iOS" */;
			productName = GoogleSignIn;
		};
		639958662F2768A8006B4ACD /* GoogleSignInSwift */ = {
			isa = XCSwiftPackageProductDependency;
			package = 639958632F2768A8006B4ACD /* XCRemoteSwiftPackageReference "GoogleSignIn-iOS" */;
			productName = GoogleSignInSwift;
		};
		6399586F2F278B63006B4ACD /* MarkdownUI */ = {
			isa = XCSwiftPackageProductDependency;
			package = 6399586E2F278B63006B4ACD /* XCRemoteSwiftPackageReference "MarkdownUI" */;
			productName = MarkdownUI;
		};
		639958742F27E5C5006B4ACD /* SwiftSoup */ = {
			isa = XCSwiftPackageProductDependency;
			package = 639958732F27E5C5006B4ACD /* XCRemoteSwiftPackageReference "SwiftSoup" */;
			productName = SwiftSoup;
		};
/* End XCSwiftPackageProductDependency section */
	};
	rootObject = 63B068622F253DC0009D3E94 /* Project object */;
}
